
Microsoft Visual Studio Solution File, Format Version 12.00
# Visual Studio Version 16
VisualStudioVersion = 16.0.28803.202
MinimumVisualStudioVersion = 10.0.40219.1
Project("{FAE04EC0-301F-11D3-BF4B-00C04F79EFBC}") = "FreezePunch", "FreezePunch\FreezePunch.csproj", "{D5C1A0C9-E92C-4707-8B72-A9EC7A749108}"
EndProject
Project("{2150E333-8FDC-42A3-9474-1A3956D46DE8}") = "Solution Items", "Solution Items", "{EF2EE736-6E42-43B8-80DE-2315E71FE504}"
EndProject
Project("{FAE04EC0-301F-11D3-BF4B-00C04F79EFBC}") = "HslCommunication", "..\HslCommunication\HslCommunication_Net45\HslCommunication.csproj", "{7F8029DA-1B94-4B1D-B91F-5B21DBF2F3A2}"
EndProject
Global
	GlobalSection(SolutionConfigurationPlatforms) = preSolution
		Debug|Any CPU = Debug|Any CPU
		Release|Any CPU = Release|Any CPU
	EndGlobalSection
	GlobalSection(ProjectConfigurationPlatforms) = postSolution
		{D5C1A0C9-E92C-4707-8B72-A9EC7A749108}.Debug|Any CPU.ActiveCfg = Debug|Any CPU
		{D5C1A0C9-E92C-4707-8B72-A9EC7A749108}.Debug|Any CPU.Build.0 = Debug|Any CPU
		{D5C1A0C9-E92C-4707-8B72-A9EC7A749108}.Release|Any CPU.ActiveCfg = Release|Any CPU
		{D5C1A0C9-E92C-4707-8B72-A9EC7A749108}.Release|Any CPU.Build.0 = Release|Any CPU
		{7F8029DA-1B94-4B1D-B91F-5B21DBF2F3A2}.Debug|Any CPU.ActiveCfg = Debug|Any CPU
		{7F8029DA-1B94-4B1D-B91F-5B21DBF2F3A2}.Debug|Any CPU.Build.0 = Debug|Any CPU
		{7F8029DA-1B94-4B1D-B91F-5B21DBF2F3A2}.Release|Any CPU.ActiveCfg = Release|Any CPU
		{7F8029DA-1B94-4B1D-B91F-5B21DBF2F3A2}.Release|Any CPU.Build.0 = Release|Any CPU
	EndGlobalSection
	GlobalSection(SolutionProperties) = preSolution
		HideSolutionNode = FALSE
	EndGlobalSection
	GlobalSection(ExtensibilityGlobals) = postSolution
		SolutionGuid = {40825D16-805A-4C4B-A4A1-AE5A45D56FEC}
	EndGlobalSection
EndGlobal
